
Microsoft Visual Studio Solution File, Format Version 12.00
# Visual Studio Version 17
VisualStudioVersion = 17.5.002.0
MinimumVisualStudioVersion = 10.0.40219.1
Project("{9A19103F-16F7-4668-BE54-9A1E7A4F7556}") = "myfinance-web-dotnet", "myfinance-web-dotnet.csproj", "{DAEF0968-5FFE-49D5-9147-60D7EEAA4C66}"
EndProject
Global
	GlobalSection(SolutionConfigurationPlatforms) = preSolution
		Debug|Any CPU = Debug|Any CPU
		Release|Any CPU = Release|Any CPU
	EndGlobalSection
	GlobalSection(ProjectConfigurationPlatforms) = postSolution
		{DAEF0968-5FFE-49D5-9147-60D7EEAA4C66}.Debug|Any CPU.ActiveCfg = Debug|Any CPU
		{DAEF0968-5FFE-49D5-9147-60D7EEAA4C66}.Debug|Any CPU.Build.0 = Debug|Any CPU
		{DAEF0968-5FFE-49D5-9147-60D7EEAA4C66}.Release|Any CPU.ActiveCfg = Release|Any CPU
		{DAEF0968-5FFE-49D5-9147-60D7EEAA4C66}.Release|Any CPU.Build.0 = Release|Any CPU
	EndGlobalSection
	GlobalSection(SolutionProperties) = preSolution
		HideSolutionNode = FALSE
	EndGlobalSection
	GlobalSection(ExtensibilityGlobals) = postSolution
		SolutionGuid = {E5FDF499-F2CA-4440-8280-9D4DA6A025C8}
	EndGlobalSection
EndGlobal
